
Microsoft Visual Studio Solution File, Format Version 12.00
# Visual Studio Version 17
VisualStudioVersion = 17.5.2.0
MinimumVisualStudioVersion = 10.0.40219.1
Project("{2150E333-8FDC-42A3-9474-1A3956D46DE8}") = "tests", "tests", "{0AB3BF05-4346-4AA6-1389-037BE0695223}"
EndProject
Project("{2150E333-8FDC-42A3-9474-1A3956D46DE8}") = "src", "src", "{827E0CD3-B72D-47B6-A68D-7590B98EB39B}"
EndProject
Project("{FAE04EC0-301F-11D3-BF4B-00C04F79EFBC}") = "Catalog.Api.Tests.Integrational", "tests\Catalog.Api.Tests.Integrational\Catalog.Api.Tests.Integrational.csproj", "{2BA71CB9-592C-154F-8C06-ACE28182BB83}"
EndProject
Project("{2150E333-8FDC-42A3-9474-1A3956D46DE8}") = "aspire", "aspire", "{52BF7FB6-37FF-5100-EFD1-124EFF302675}"
EndProject
Project("{FAE04EC0-301F-11D3-BF4B-00C04F79EFBC}") = "AppHost", "src\aspire\AppHost\AppHost.csproj", "{3606AAC0-2AA9-E2C7-21DC-556FBD0249BB}"
EndProject
Project("{FAE04EC0-301F-11D3-BF4B-00C04F79EFBC}") = "ServiceDefaults", "src\aspire\ServiceDefaults\ServiceDefaults.csproj", "{36131A1F-5B79-D844-1F38-FE0C9600D072}"
EndProject
Project("{2150E333-8FDC-42A3-9474-1A3956D46DE8}") = "shared", "shared", "{C8E42992-5E42-0C2B-DBFE-AA848D06431C}"
EndProject
Project("{FAE04EC0-301F-11D3-BF4B-00C04F79EFBC}") = "EventBus", "src\shared\EventBus\EventBus.csproj", "{32E833E8-0D9B-FE09-B96F-DA0CE280D3AC}"
EndProject
Project("{FAE04EC0-301F-11D3-BF4B-00C04F79EFBC}") = "EventBusRabbitMQ", "src\shared\EventBusRabbitMQ\EventBusRabbitMQ.csproj", "{8FDA908D-047B-6E69-9D32-E94AE67D8FB2}"
EndProject
Project("{FAE04EC0-301F-11D3-BF4B-00C04F79EFBC}") = "SharedKernel", "src\shared\SharedKernel\SharedKernel.csproj", "{28AFF8AA-481C-054D-0B92-3E91246BA178}"
EndProject
Project("{2150E333-8FDC-42A3-9474-1A3956D46DE8}") = "services", "services", "{984BB9B3-3FA3-BE33-9484-CAC21695A33C}"
EndProject
Project("{2150E333-8FDC-42A3-9474-1A3956D46DE8}") = "catalog", "catalog", "{C91C1CF1-1625-0789-F869-53D87D6277BA}"
EndProject
Project("{FAE04EC0-301F-11D3-BF4B-00C04F79EFBC}") = "Catalog.Api", "src\services\catalog\Catalog.Api\Catalog.Api.csproj", "{2577D5E5-EA8A-BC2D-48B9-5FCA0BB92918}"
EndProject
Project("{FAE04EC0-301F-11D3-BF4B-00C04F79EFBC}") = "Catalog.Application", "src\services\catalog\Catalog.Application\Catalog.Application.csproj", "{AEE5B342-F27B-AFAC-445F-11D54A515CFB}"
EndProject
Project("{FAE04EC0-301F-11D3-BF4B-00C04F79EFBC}") = "Catalog.Domain", "src\services\catalog\Catalog.Domain\Catalog.Domain.csproj", "{A3A085CE-BD9C-D2EA-D365-A0DE4653D245}"
EndProject
Project("{FAE04EC0-301F-11D3-BF4B-00C04F79EFBC}") = "Catalog.Infrastructure", "src\services\catalog\Catalog.Infrastructure\Catalog.Infrastructure.csproj", "{5B6B1C12-136D-ED3C-3400-F52A82685208}"
EndProject
Project("{2150E333-8FDC-42A3-9474-1A3956D46DE8}") = "ordering", "ordering", "{D3BAB01C-7F3F-8576-96BE-8BE70C9B9915}"
EndProject
Project("{FAE04EC0-301F-11D3-BF4B-00C04F79EFBC}") = "SubscriptionProcessor", "src\services\ordering\SubscriptionProcessor\SubscriptionProcessor.csproj", "{AD630710-0004-4D4B-86FC-EB6F915CD473}"
EndProject
Global
	GlobalSection(SolutionConfigurationPlatforms) = preSolution
		Debug|Any CPU = Debug|Any CPU
		Debug|x64 = Debug|x64
		Debug|x86 = Debug|x86
		Release|Any CPU = Release|Any CPU
		Release|x64 = Release|x64
		Release|x86 = Release|x86
	EndGlobalSection
	GlobalSection(ProjectConfigurationPlatforms) = postSolution
		{2BA71CB9-592C-154F-8C06-ACE28182BB83}.Debug|Any CPU.ActiveCfg = Debug|Any CPU
		{2BA71CB9-592C-154F-8C06-ACE28182BB83}.Debug|Any CPU.Build.0 = Debug|Any CPU
		{2BA71CB9-592C-154F-8C06-ACE28182BB83}.Debug|x64.ActiveCfg = Debug|Any CPU
		{2BA71CB9-592C-154F-8C06-ACE28182BB83}.Debug|x64.Build.0 = Debug|Any CPU
		{2BA71CB9-592C-154F-8C06-ACE28182BB83}.Debug|x86.ActiveCfg = Debug|Any CPU
		{2BA71CB9-592C-154F-8C06-ACE28182BB83}.Debug|x86.Build.0 = Debug|Any CPU
		{2BA71CB9-592C-154F-8C06-ACE28182BB83}.Release|Any CPU.ActiveCfg = Release|Any CPU
		{2BA71CB9-592C-154F-8C06-ACE28182BB83}.Release|Any CPU.Build.0 = Release|Any CPU
		{2BA71CB9-592C-154F-8C06-ACE28182BB83}.Release|x64.ActiveCfg = Release|Any CPU
		{2BA71CB9-592C-154F-8C06-ACE28182BB83}.Release|x64.Build.0 = Release|Any CPU
		{2BA71CB9-592C-154F-8C06-ACE28182BB83}.Release|x86.ActiveCfg = Release|Any CPU
		{2BA71CB9-592C-154F-8C06-ACE28182BB83}.Release|x86.Build.0 = Release|Any CPU
		{3606AAC0-2AA9-E2C7-21DC-556FBD0249BB}.Debug|Any CPU.ActiveCfg = Debug|Any CPU
		{3606AAC0-2AA9-E2C7-21DC-556FBD0249BB}.Debug|Any CPU.Build.0 = Debug|Any CPU
		{3606AAC0-2AA9-E2C7-21DC-556FBD0249BB}.Debug|x64.ActiveCfg = Debug|Any CPU
		{3606AAC0-2AA9-E2C7-21DC-556FBD0249BB}.Debug|x64.Build.0 = Debug|Any CPU
		{3606AAC0-2AA9-E2C7-21DC-556FBD0249BB}.Debug|x86.ActiveCfg = Debug|Any CPU
		{3606AAC0-2AA9-E2C7-21DC-556FBD0249BB}.Debug|x86.Build.0 = Debug|Any CPU
		{3606AAC0-2AA9-E2C7-21DC-556FBD0249BB}.Release|Any CPU.ActiveCfg = Release|Any CPU
		{3606AAC0-2AA9-E2C7-21DC-556FBD0249BB}.Release|Any CPU.Build.0 = Release|Any CPU
		{3606AAC0-2AA9-E2C7-21DC-556FBD0249BB}.Release|x64.ActiveCfg = Release|Any CPU
		{3606AAC0-2AA9-E2C7-21DC-556FBD0249BB}.Release|x64.Build.0 = Release|Any CPU
		{3606AAC0-2AA9-E2C7-21DC-556FBD0249BB}.Release|x86.ActiveCfg = Release|Any CPU
		{3606AAC0-2AA9-E2C7-21DC-556FBD0249BB}.Release|x86.Build.0 = Release|Any CPU
		{36131A1F-5B79-D844-1F38-FE0C9600D072}.Debug|Any CPU.ActiveCfg = Debug|Any CPU
		{36131A1F-5B79-D844-1F38-FE0C9600D072}.Debug|Any CPU.Build.0 = Debug|Any CPU
		{36131A1F-5B79-D844-1F38-FE0C9600D072}.Debug|x64.ActiveCfg = Debug|Any CPU
		{36131A1F-5B79-D844-1F38-FE0C9600D072}.Debug|x64.Build.0 = Debug|Any CPU
		{36131A1F-5B79-D844-1F38-FE0C9600D072}.Debug|x86.ActiveCfg = Debug|Any CPU
		{36131A1F-5B79-D844-1F38-FE0C9600D072}.Debug|x86.Build.0 = Debug|Any CPU
		{36131A1F-5B79-D844-1F38-FE0C9600D072}.Release|Any CPU.ActiveCfg = Release|Any CPU
		{36131A1F-5B79-D844-1F38-FE0C9600D072}.Release|Any CPU.Build.0 = Release|Any CPU
		{36131A1F-5B79-D844-1F38-FE0C9600D072}.Release|x64.ActiveCfg = Release|Any CPU
		{36131A1F-5B79-D844-1F38-FE0C9600D072}.Release|x64.Build.0 = Release|Any CPU
		{36131A1F-5B79-D844-1F38-FE0C9600D072}.Release|x86.ActiveCfg = Release|Any CPU
		{36131A1F-5B79-D844-1F38-FE0C9600D072}.Release|x86.Build.0 = Release|Any CPU
		{32E833E8-0D9B-FE09-B96F-DA0CE280D3AC}.Debug|Any CPU.ActiveCfg = Debug|Any CPU
		{32E833E8-0D9B-FE09-B96F-DA0CE280D3AC}.Debug|Any CPU.Build.0 = Debug|Any CPU
		{32E833E8-0D9B-FE09-B96F-DA0CE280D3AC}.Debug|x64.ActiveCfg = Debug|Any CPU
		{32E833E8-0D9B-FE09-B96F-DA0CE280D3AC}.Debug|x64.Build.0 = Debug|Any CPU
		{32E833E8-0D9B-FE09-B96F-DA0CE280D3AC}.Debug|x86.ActiveCfg = Debug|Any CPU
		{32E833E8-0D9B-FE09-B96F-DA0CE280D3AC}.Debug|x86.Build.0 = Debug|Any CPU
		{32E833E8-0D9B-FE09-B96F-DA0CE280D3AC}.Release|Any CPU.ActiveCfg = Release|Any CPU
		{32E833E8-0D9B-FE09-B96F-DA0CE280D3AC}.Release|Any CPU.Build.0 = Release|Any CPU
		{32E833E8-0D9B-FE09-B96F-DA0CE280D3AC}.Release|x64.ActiveCfg = Release|Any CPU
		{32E833E8-0D9B-FE09-B96F-DA0CE280D3AC}.Release|x64.Build.0 = Release|Any CPU
		{32E833E8-0D9B-FE09-B96F-DA0CE280D3AC}.Release|x86.ActiveCfg = Release|Any CPU
		{32E833E8-0D9B-FE09-B96F-DA0CE280D3AC}.Release|x86.Build.0 = Release|Any CPU
		{8FDA908D-047B-6E69-9D32-E94AE67D8FB2}.Debug|Any CPU.ActiveCfg = Debug|Any CPU
		{8FDA908D-047B-6E69-9D32-E94AE67D8FB2}.Debug|Any CPU.Build.0 = Debug|Any CPU
		{8FDA908D-047B-6E69-9D32-E94AE67D8FB2}.Debug|x64.ActiveCfg = Debug|Any CPU
		{8FDA908D-047B-6E69-9D32-E94AE67D8FB2}.Debug|x64.Build.0 = Debug|Any CPU
		{8FDA908D-047B-6E69-9D32-E94AE67D8FB2}.Debug|x86.ActiveCfg = Debug|Any CPU
		{8FDA908D-047B-6E69-9D32-E94AE67D8FB2}.Debug|x86.Build.0 = Debug|Any CPU
		{8FDA908D-047B-6E69-9D32-E94AE67D8FB2}.Release|Any CPU.ActiveCfg = Release|Any CPU
		{8FDA908D-047B-6E69-9D32-E94AE67D8FB2}.Release|Any CPU.Build.0 = Release|Any CPU
		{8FDA908D-047B-6E69-9D32-E94AE67D8FB2}.Release|x64.ActiveCfg = Release|Any CPU
		{8FDA908D-047B-6E69-9D32-E94AE67D8FB2}.Release|x64.Build.0 = Release|Any CPU
		{8FDA908D-047B-6E69-9D32-E94AE67D8FB2}.Release|x86.ActiveCfg = Release|Any CPU
		{8FDA908D-047B-6E69-9D32-E94AE67D8FB2}.Release|x86.Build.0 = Release|Any CPU
		{28AFF8AA-481C-054D-0B92-3E91246BA178}.Debug|Any CPU.ActiveCfg = Debug|Any CPU
		{28AFF8AA-481C-054D-0B92-3E91246BA178}.Debug|Any CPU.Build.0 = Debug|Any CPU
		{28AFF8AA-481C-054D-0B92-3E91246BA178}.Debug|x64.ActiveCfg = Debug|Any CPU
		{28AFF8AA-481C-054D-0B92-3E91246BA178}.Debug|x64.Build.0 = Debug|Any CPU
		{28AFF8AA-481C-054D-0B92-3E91246BA178}.Debug|x86.ActiveCfg = Debug|Any CPU
		{28AFF8AA-481C-054D-0B92-3E91246BA178}.Debug|x86.Build.0 = Debug|Any CPU
		{28AFF8AA-481C-054D-0B92-3E91246BA178}.Release|Any CPU.ActiveCfg = Release|Any CPU
		{28AFF8AA-481C-054D-0B92-3E91246BA178}.Release|Any CPU.Build.0 = Release|Any CPU
		{28AFF8AA-481C-054D-0B92-3E91246BA178}.Release|x64.ActiveCfg = Release|Any CPU
		{28AFF8AA-481C-054D-0B92-3E91246BA178}.Release|x64.Build.0 = Release|Any CPU
		{28AFF8AA-481C-054D-0B92-3E91246BA178}.Release|x86.ActiveCfg = Release|Any CPU
		{28AFF8AA-481C-054D-0B92-3E91246BA178}.Release|x86.Build.0 = Release|Any CPU
		{2577D5E5-EA8A-BC2D-48B9-5FCA0BB92918}.Debug|Any CPU.ActiveCfg = Debug|Any CPU
		{2577D5E5-EA8A-BC2D-48B9-5FCA0BB92918}.Debug|Any CPU.Build.0 = Debug|Any CPU
		{2577D5E5-EA8A-BC2D-48B9-5FCA0BB92918}.Debug|x64.ActiveCfg = Debug|Any CPU
		{2577D5E5-EA8A-BC2D-48B9-5FCA0BB92918}.Debug|x64.Build.0 = Debug|Any CPU
		{2577D5E5-EA8A-BC2D-48B9-5FCA0BB92918}.Debug|x86.ActiveCfg = Debug|Any CPU
		{2577D5E5-EA8A-BC2D-48B9-5FCA0BB92918}.Debug|x86.Build.0 = Debug|Any CPU
		{2577D5E5-EA8A-BC2D-48B9-5FCA0BB92918}.Release|Any CPU.ActiveCfg = Release|Any CPU
		{2577D5E5-EA8A-BC2D-48B9-5FCA0BB92918}.Release|Any CPU.Build.0 = Release|Any CPU
		{2577D5E5-EA8A-BC2D-48B9-5FCA0BB92918}.Release|x64.ActiveCfg = Release|Any CPU
		{2577D5E5-EA8A-BC2D-48B9-5FCA0BB92918}.Release|x64.Build.0 = Release|Any CPU
		{2577D5E5-EA8A-BC2D-48B9-5FCA0BB92918}.Release|x86.ActiveCfg = Release|Any CPU
		{2577D5E5-EA8A-BC2D-48B9-5FCA0BB92918}.Release|x86.Build.0 = Release|Any CPU
		{AEE5B342-F27B-AFAC-445F-11D54A515CFB}.Debug|Any CPU.ActiveCfg = Debug|Any CPU
		{AEE5B342-F27B-AFAC-445F-11D54A515CFB}.Debug|Any CPU.Build.0 = Debug|Any CPU
		{AEE5B342-F27B-AFAC-445F-11D54A515CFB}.Debug|x64.ActiveCfg = Debug|Any CPU
		{AEE5B342-F27B-AFAC-445F-11D54A515CFB}.Debug|x64.Build.0 = Debug|Any CPU
		{AEE5B342-F27B-AFAC-445F-11D54A515CFB}.Debug|x86.ActiveCfg = Debug|Any CPU
		{AEE5B342-F27B-AFAC-445F-11D54A515CFB}.Debug|x86.Build.0 = Debug|Any CPU
		{AEE5B342-F27B-AFAC-445F-11D54A515CFB}.Release|Any CPU.ActiveCfg = Release|Any CPU
		{AEE5B342-F27B-AFAC-445F-11D54A515CFB}.Release|Any CPU.Build.0 = Release|Any CPU
		{AEE5B342-F27B-AFAC-445F-11D54A515CFB}.Release|x64.ActiveCfg = Release|Any CPU
		{AEE5B342-F27B-AFAC-445F-11D54A515CFB}.Release|x64.Build.0 = Release|Any CPU
		{AEE5B342-F27B-AFAC-445F-11D54A515CFB}.Release|x86.ActiveCfg = Release|Any CPU
		{AEE5B342-F27B-AFAC-445F-11D54A515CFB}.Release|x86.Build.0 = Release|Any CPU
		{A3A085CE-BD9C-D2EA-D365-A0DE4653D245}.Debug|Any CPU.ActiveCfg = Debug|Any CPU
		{A3A085CE-BD9C-D2EA-D365-A0DE4653D245}.Debug|Any CPU.Build.0 = Debug|Any CPU
		{A3A085CE-BD9C-D2EA-D365-A0DE4653D245}.Debug|x64.ActiveCfg = Debug|Any CPU
		{A3A085CE-BD9C-D2EA-D365-A0DE4653D245}.Debug|x64.Build.0 = Debug|Any CPU
		{A3A085CE-BD9C-D2EA-D365-A0DE4653D245}.Debug|x86.ActiveCfg = Debug|Any CPU
		{A3A085CE-BD9C-D2EA-D365-A0DE4653D245}.Debug|x86.Build.0 = Debug|Any CPU
		{A3A085CE-BD9C-D2EA-D365-A0DE4653D245}.Release|Any CPU.ActiveCfg = Release|Any CPU
		{A3A085CE-BD9C-D2EA-D365-A0DE4653D245}.Release|Any CPU.Build.0 = Release|Any CPU
		{A3A085CE-BD9C-D2EA-D365-A0DE4653D245}.Release|x64.ActiveCfg = Release|Any CPU
		{A3A085CE-BD9C-D2EA-D365-A0DE4653D245}.Release|x64.Build.0 = Release|Any CPU
		{A3A085CE-BD9C-D2EA-D365-A0DE4653D245}.Release|x86.ActiveCfg = Release|Any CPU
		{A3A085CE-BD9C-D2EA-D365-A0DE4653D245}.Release|x86.Build.0 = Release|Any CPU
		{5B6B1C12-136D-ED3C-3400-F52A82685208}.Debug|Any CPU.ActiveCfg = Debug|Any CPU
		{5B6B1C12-136D-ED3C-3400-F52A82685208}.Debug|Any CPU.Build.0 = Debug|Any CPU
		{5B6B1C12-136D-ED3C-3400-F52A82685208}.Debug|x64.ActiveCfg = Debug|Any CPU
		{5B6B1C12-136D-ED3C-3400-F52A82685208}.Debug|x64.Build.0 = Debug|Any CPU
		{5B6B1C12-136D-ED3C-3400-F52A82685208}.Debug|x86.ActiveCfg = Debug|Any CPU
		{5B6B1C12-136D-ED3C-3400-F52A82685208}.Debug|x86.Build.0 = Debug|Any CPU
		{5B6B1C12-136D-ED3C-3400-F52A82685208}.Release|Any CPU.ActiveCfg = Release|Any CPU
		{5B6B1C12-136D-ED3C-3400-F52A82685208}.Release|Any CPU.Build.0 = Release|Any CPU
		{5B6B1C12-136D-ED3C-3400-F52A82685208}.Release|x64.ActiveCfg = Release|Any CPU
		{5B6B1C12-136D-ED3C-3400-F52A82685208}.Release|x64.Build.0 = Release|Any CPU
		{5B6B1C12-136D-ED3C-3400-F52A82685208}.Release|x86.ActiveCfg = Release|Any CPU
		{5B6B1C12-136D-ED3C-3400-F52A82685208}.Release|x86.Build.0 = Release|Any CPU
		{AD630710-0004-4D4B-86FC-EB6F915CD473}.Debug|Any CPU.ActiveCfg = Debug|Any CPU
		{AD630710-0004-4D4B-86FC-EB6F915CD473}.Debug|Any CPU.Build.0 = Debug|Any CPU
		{AD630710-0004-4D4B-86FC-EB6F915CD473}.Debug|x64.ActiveCfg = Debug|Any CPU
		{AD630710-0004-4D4B-86FC-EB6F915CD473}.Debug|x64.Build.0 = Debug|Any CPU
		{AD630710-0004-4D4B-86FC-EB6F915CD473}.Debug|x86.ActiveCfg = Debug|Any CPU
		{AD630710-0004-4D4B-86FC-EB6F915CD473}.Debug|x86.Build.0 = Debug|Any CPU
		{AD630710-0004-4D4B-86FC-EB6F915CD473}.Release|Any CPU.ActiveCfg = Release|Any CPU
		{AD630710-0004-4D4B-86FC-EB6F915CD473}.Release|Any CPU.Build.0 = Release|Any CPU
		{AD630710-0004-4D4B-86FC-EB6F915CD473}.Release|x64.ActiveCfg = Release|Any CPU
		{AD630710-0004-4D4B-86FC-EB6F915CD473}.Release|x64.Build.0 = Release|Any CPU
		{AD630710-0004-4D4B-86FC-EB6F915CD473}.Release|x86.ActiveCfg = Release|Any CPU
		{AD630710-0004-4D4B-86FC-EB6F915CD473}.Release|x86.Build.0 = Release|Any CPU
	EndGlobalSection
	GlobalSection(SolutionProperties) = preSolution
		HideSolutionNode = FALSE
	EndGlobalSection
	GlobalSection(NestedProjects) = preSolution
		{2BA71CB9-592C-154F-8C06-ACE28182BB83} = {0AB3BF05-4346-4AA6-1389-037BE0695223}
		{52BF7FB6-37FF-5100-EFD1-124EFF302675} = {827E0CD3-B72D-47B6-A68D-7590B98EB39B}
		{3606AAC0-2AA9-E2C7-21DC-556FBD0249BB} = {52BF7FB6-37FF-5100-EFD1-124EFF302675}
		{36131A1F-5B79-D844-1F38-FE0C9600D072} = {52BF7FB6-37FF-5100-EFD1-124EFF302675}
		{C8E42992-5E42-0C2B-DBFE-AA848D06431C} = {827E0CD3-B72D-47B6-A68D-7590B98EB39B}
		{32E833E8-0D9B-FE09-B96F-DA0CE280D3AC} = {C8E42992-5E42-0C2B-DBFE-AA848D06431C}
		{8FDA908D-047B-6E69-9D32-E94AE67D8FB2} = {C8E42992-5E42-0C2B-DBFE-AA848D06431C}
		{28AFF8AA-481C-054D-0B92-3E91246BA178} = {C8E42992-5E42-0C2B-DBFE-AA848D06431C}
		{984BB9B3-3FA3-BE33-9484-CAC21695A33C} = {827E0CD3-B72D-47B6-A68D-7590B98EB39B}
		{C91C1CF1-1625-0789-F869-53D87D6277BA} = {984BB9B3-3FA3-BE33-9484-CAC21695A33C}
		{2577D5E5-EA8A-BC2D-48B9-5FCA0BB92918} = {C91C1CF1-1625-0789-F869-53D87D6277BA}
		{AEE5B342-F27B-AFAC-445F-11D54A515CFB} = {C91C1CF1-1625-0789-F869-53D87D6277BA}
		{A3A085CE-BD9C-D2EA-D365-A0DE4653D245} = {C91C1CF1-1625-0789-F869-53D87D6277BA}
		{5B6B1C12-136D-ED3C-3400-F52A82685208} = {C91C1CF1-1625-0789-F869-53D87D6277BA}
		{D3BAB01C-7F3F-8576-96BE-8BE70C9B9915} = {984BB9B3-3FA3-BE33-9484-CAC21695A33C}
		{AD630710-0004-4D4B-86FC-EB6F915CD473} = {D3BAB01C-7F3F-8576-96BE-8BE70C9B9915}
	EndGlobalSection
	GlobalSection(ExtensibilityGlobals) = postSolution
		SolutionGuid = {124DF5E8-4299-4ED4-BD2B-2609FF112E31}
	EndGlobalSection
EndGlobal
